
Microsoft Visual Studio Solution File, Format Version 12.00
# Visual Studio Version 17
VisualStudioVersion = 17.5.33516.290
MinimumVisualStudioVersion = 10.0.40219.1
Project("{FAE04EC0-301F-11D3-BF4B-00C04F79EFBC}") = "week14OOP", "week14OOP\week14OOP.csproj", "{A406D4A8-AD62-48C1-BB13-B4406FCD5F6A}"
EndProject
Global
	GlobalSection(SolutionConfigurationPlatforms) = preSolution
		Debug|Any CPU = Debug|Any CPU
		Release|Any CPU = Release|Any CPU
	EndGlobalSection
	GlobalSection(ProjectConfigurationPlatforms) = postSolution
		{A406D4A8-AD62-48C1-BB13-B4406FCD5F6A}.Debug|Any CPU.ActiveCfg = Debug|Any CPU
		{A406D4A8-AD62-48C1-BB13-B4406FCD5F6A}.Debug|Any CPU.Build.0 = Debug|Any CPU
		{A406D4A8-AD62-48C1-BB13-B4406FCD5F6A}.Release|Any CPU.ActiveCfg = Release|Any CPU
		{A406D4A8-AD62-48C1-BB13-B4406FCD5F6A}.Release|Any CPU.Build.0 = Release|Any CPU
	EndGlobalSection
	GlobalSection(SolutionProperties) = preSolution
		HideSolutionNode = FALSE
	EndGlobalSection
	GlobalSection(ExtensibilityGlobals) = postSolution
		SolutionGuid = {7BC48F6D-EB0C-40D6-B5BD-C01D42FFC099}
	EndGlobalSection
EndGlobal
